{
  "name": "kiln-ts-monorepo",
  "version": "0.1.0",
  "lockfileVersion": 3,
  "requires": true,
  "packages": {
    "": {
      "name": "kiln-ts-monorepo",
      "version": "0.1.0",
      "license": "MIT",
      "workspaces": [
        "packages/*"
      ]
    },
    "packages/cli": {
      "name": "kiln-ts",
      "version": "0.1.0",
      "extraneous": true,
      "license": "MIT",
      "dependencies": {
        "commander": "^12.1.0",
        "fs-extra": "^11.2.0",
        "kleur": "^4.1.5",
        "prompts": "^2.4.2"
      },
      "bin": {
        "kiln": "dist/index.js"
      },
      "devDependencies": {
        "@types/fs-extra": "^11.0.4",
        "@types/node": "^22.5.0",
        "@types/prompts": "^2.4.9",
        "typescript": "^5.5.4"
      }
    }
  }
}
